
Microsoft Visual Studio Solution File, Format Version 11.00
# Visual Studio 2010
Project("{FAE04EC0-301F-11D3-BF4B-00C04F79EFBC}") = "RobertLw.Win32", "RobertLw.Win32\RobertLw.Win32.csproj", "{3B431B61-880A-446A-A6B6-441D69FB317E}"
EndProject
Global
	GlobalSection(SolutionConfigurationPlatforms) = preSolution
		Debug|Any CPU = Debug|Any CPU
		Release|Any CPU = Release|Any CPU
	EndGlobalSection
	GlobalSection(ProjectConfigurationPlatforms) = postSolution
		{3B431B61-880A-446A-A6B6-441D69FB317E}.Debug|Any CPU.ActiveCfg = Debug|Any CPU
		{3B431B61-880A-446A-A6B6-441D69FB317E}.Debug|Any CPU.Build.0 = Debug|Any CPU
		{3B431B61-880A-446A-A6B6-441D69FB317E}.Release|Any CPU.ActiveCfg = Release|Any CPU
		{3B431B61-880A-446A-A6B6-441D69FB317E}.Release|Any CPU.Build.0 = Release|Any CPU
	EndGlobalSection
	GlobalSection(SolutionProperties) = preSolution
		HideSolutionNode = FALSE
	EndGlobalSection
EndGlobal
